
Microsoft Visual Studio Solution File, Format Version 12.00
# Visual Studio Version 17
VisualStudioVersion = 17.7.34202.233
MinimumVisualStudioVersion = 10.0.40219.1
Project("{FAE04EC0-301F-11D3-BF4B-00C04F79EFBC}") = "E2", "E2\E2.csproj", "{0D996CD1-0BB0-4A50-9FED-1B2CD0FD73F0}"
EndProject
Global
	GlobalSection(SolutionConfigurationPlatforms) = preSolution
		Debug|Any CPU = Debug|Any CPU
		Release|Any CPU = Release|Any CPU
	EndGlobalSection
	GlobalSection(ProjectConfigurationPlatforms) = postSolution
		{0D996CD1-0BB0-4A50-9FED-1B2CD0FD73F0}.Debug|Any CPU.ActiveCfg = Debug|Any CPU
		{0D996CD1-0BB0-4A50-9FED-1B2CD0FD73F0}.Debug|Any CPU.Build.0 = Debug|Any CPU
		{0D996CD1-0BB0-4A50-9FED-1B2CD0FD73F0}.Release|Any CPU.ActiveCfg = Release|Any CPU
		{0D996CD1-0BB0-4A50-9FED-1B2CD0FD73F0}.Release|Any CPU.Build.0 = Release|Any CPU
	EndGlobalSection
	GlobalSection(SolutionProperties) = preSolution
		HideSolutionNode = FALSE
	EndGlobalSection
	GlobalSection(ExtensibilityGlobals) = postSolution
		SolutionGuid = {F8EDD039-2582-4EB8-BC34-30F063F29384}
	EndGlobalSection
EndGlobal
